{
  "object": {
    "pins": [
      {
        "package": "Dip",
        "repositoryURL": "https://github.com/AliSoftware/Dip",
        "state": {
          "branch": null,
          "revision": "c3b601df0ff22b06b6d5ff4943faf05c0bd3f9bb",
          "version": "7.1.1"
        }
      },
      {
        "package": "JFLib",
        "repositoryURL": "https://github.com/joshfreed/JFLib",
        "state": {
          "branch": "main",
          "revision": "ab214656691263556dcb3362cf467e9f4481430f",
          "version": null
        }
      }
    ]
  },
  "version": 1
}
